
Microsoft Visual Studio Solution File, Format Version 12.00
# Visual Studio Version 16
VisualStudioVersion = 16.0.31424.327
MinimumVisualStudioVersion = 10.0.40219.1
Project("{2150E333-8FDC-42A3-9474-1A3956D46DE8}") = "Services", "Services", "{30BEC6AA-360E-4C85-A6AB-3BE7EA231B79}"
EndProject
Project("{2150E333-8FDC-42A3-9474-1A3956D46DE8}") = "Catalog", "Catalog", "{F6727AB1-15B9-437F-9198-A8978BC73298}"
EndProject
Project("{FAE04EC0-301F-11D3-BF4B-00C04F79EFBC}") = "Catalog.API", "Services\Catalog\Catalog.API\Catalog.API.csproj", "{0F3BE377-52CA-4244-A632-AA87FE2E9122}"
EndProject
Global
	GlobalSection(SolutionConfigurationPlatforms) = preSolution
		Debug|Any CPU = Debug|Any CPU
		Release|Any CPU = Release|Any CPU
	EndGlobalSection
	GlobalSection(ProjectConfigurationPlatforms) = postSolution
		{0F3BE377-52CA-4244-A632-AA87FE2E9122}.Debug|Any CPU.ActiveCfg = Debug|Any CPU
		{0F3BE377-52CA-4244-A632-AA87FE2E9122}.Debug|Any CPU.Build.0 = Debug|Any CPU
		{0F3BE377-52CA-4244-A632-AA87FE2E9122}.Release|Any CPU.ActiveCfg = Release|Any CPU
		{0F3BE377-52CA-4244-A632-AA87FE2E9122}.Release|Any CPU.Build.0 = Release|Any CPU
	EndGlobalSection
	GlobalSection(SolutionProperties) = preSolution
		HideSolutionNode = FALSE
	EndGlobalSection
	GlobalSection(NestedProjects) = preSolution
		{F6727AB1-15B9-437F-9198-A8978BC73298} = {30BEC6AA-360E-4C85-A6AB-3BE7EA231B79}
		{0F3BE377-52CA-4244-A632-AA87FE2E9122} = {F6727AB1-15B9-437F-9198-A8978BC73298}
	EndGlobalSection
	GlobalSection(ExtensibilityGlobals) = postSolution
		SolutionGuid = {92CF9325-16FD-4375-A27A-C7BE6B53E63E}
	EndGlobalSection
EndGlobal
